// !$*UTF8*$!
{
	archiveVersion = 1;
	classes = {
	};
	objectVersion = 46;
	objects = {

/* Begin PBXBuildFile section */
		85584ABA18C8D7F80028ED12 /* CardMatchingGame.m in Sources */ = {isa = PBXBuildFile; fileRef = 85584AB918C8D7F80028ED12 /* CardMatchingGame.m */; };
		85E59AAD18C19F22004E62FE /* PlayingCard.m in Sources */ = {isa = PBXBuildFile; fileRef = 85E59AAC18C19F22004E62FE /* PlayingCard.m */; };
		85E59AB518C19F4C004E62FE /* Card.m in Sources */ = {isa = PBXBuildFile; fileRef = 85E59AAF18C19F4C004E62FE /* Card.m */; };
		85E59AB618C19F4C004E62FE /* Deck.m in Sources */ = {isa = PBXBuildFile; fileRef = 85E59AB118C19F4C004E62FE /* Deck.m */; };
		85E59AB718C19F4C004E62FE /* PlayingCardDeck.m in Sources */ = {isa = PBXBuildFile; fileRef = 85E59AB418C19F4C004E62FE /* PlayingCardDeck.m */; };
		85ECFD4518BCC55800157318 /* Foundation.framework in Frameworks */ = {isa = PBXBuildFile; fileRef = 85ECFD4418BCC55800157318 /* Foundation.framework */; };
		85ECFD4718BCC55800157318 /* CoreGraphics.framework in Frameworks */ = {isa = PBXBuildFile; fileRef = 85ECFD4618BCC55800157318 /* CoreGraphics.framework */; };
		85ECFD4918BCC55800157318 /* UIKit.framework in Frameworks */ = {isa = PBXBuildFile; fileRef = 85ECFD4818BCC55800157318 /* UIKit.framework */; };
		85ECFD4F18BCC55800157318 /* InfoPlist.strings in Resources */ = {isa = PBXBuildFile; fileRef = 85ECFD4D18BCC55800157318 /* InfoPlist.strings */; };
		85ECFD5118BCC55800157318 /* main.m in Sources */ = {isa = PBXBuildFile; fileRef = 85ECFD5018BCC55800157318 /* main.m */; };
		85ECFD5518BCC55800157318 /* CardGameAppDelegate.m in Sources */ = {isa = PBXBuildFile; fileRef = 85ECFD5418BCC55800157318 /* CardGameAppDelegate.m */; };
		85ECFD5818BCC55800157318 /* Main.storyboard in Resources */ = {isa = PBXBuildFile; fileRef = 85ECFD5618BCC55800157318 /* Main.storyboard */; };
		85ECFD5B18BCC55800157318 /* CardGameViewController.m in Sources */ = {isa = PBXBuildFile; fileRef = 85ECFD5A18BCC55800157318 /* CardGameViewController.m */; };
		85ECFD5D18BCC55800157318 /* Images.xcassets in Resources */ = {isa = PBXBuildFile; fileRef = 85ECFD5C18BCC55800157318 /* Images.xcassets */; };
		85ECFD6418BCC55800157318 /* XCTest.framework in Frameworks */ = {isa = PBXBuildFile; fileRef = 85ECFD6318BCC55800157318 /* XCTest.framework */; };
		85ECFD6518BCC55800157318 /* Foundation.framework in Frameworks */ = {isa = PBXBuildFile; fileRef = 85ECFD4418BCC55800157318 /* Foundation.framework */; };
		85ECFD6618BCC55800157318 /* UIKit.framework in Frameworks */ = {isa = PBXBuildFile; fileRef = 85ECFD4818BCC55800157318 /* UIKit.framework */; };
		85ECFD6E18BCC55800157318 /* InfoPlist.strings in Resources */ = {isa = PBXBuildFile; fileRef = 85ECFD6C18BCC55800157318 /* InfoPlist.strings */; };
		85ECFD7018BCC55800157318 /* MatchismoTests.m in Sources */ = {isa = PBXBuildFile; fileRef = 85ECFD6F18BCC55800157318 /* MatchismoTests.m */; };
/* End PBXBuildFile section */

/* Begin PBXContainerItemProxy section */
		85ECFD6718BCC55800157318 /* PBXContainerItemProxy */ = {
			isa = PBXContainerItemProxy;
			containerPortal = 85ECFD3918BCC55800157318 /* Project object */;
			proxyType = 1;
			remoteGlobalIDString = 85ECFD4018BCC55800157318;
			remoteInfo = Matchismo;
		};
/* End PBXContainerItemProxy section */

/* Begin PBXFileReference section */
		85584AB818C8D7F80028ED12 /* CardMatchingGame.h */ = {isa = PBXFileReference; fileEncoding = 4; lastKnownFileType = sourcecode.c.h; path = CardMatchingGame.h; sourceTree = "<group>"; };
		85584AB918C8D7F80028ED12 /* CardMatchingGame.m */ = {isa = PBXFileReference; fileEncoding = 4; lastKnownFileType = sourcecode.c.objc; path = CardMatchingGame.m; sourceTree = "<group>"; };
		85E59AAC18C19F22004E62FE /* PlayingCard.m */ = {isa = PBXFileReference; fileEncoding = 4; lastKnownFileType = sourcecode.c.objc; name = PlayingCard.m; path = Model/PlayingCard.m; sourceTree = SOURCE_ROOT; };
		85E59AAE18C19F4C004E62FE /* Card.h */ = {isa = PBXFileReference; fileEncoding = 4; lastKnownFileType = sourcecode.c.h; name = Card.h; path = Model/Card.h; sourceTree = SOURCE_ROOT; };
		85E59AAF18C19F4C004E62FE /* Card.m */ = {isa = PBXFileReference; fileEncoding = 4; lastKnownFileType = sourcecode.c.objc; name = Card.m; path = Model/Card.m; sourceTree = SOURCE_ROOT; };
		85E59AB018C19F4C004E62FE /* Deck.h */ = {isa = PBXFileReference; fileEncoding = 4; lastKnownFileType = sourcecode.c.h; name = Deck.h; path = Model/Deck.h; sourceTree = SOURCE_ROOT; };
		85E59AB118C19F4C004E62FE /* Deck.m */ = {isa = PBXFileReference; fileEncoding = 4; lastKnownFileType = sourcecode.c.objc; name = Deck.m; path = Model/Deck.m; sourceTree = SOURCE_ROOT; };
		85E59AB218C19F4C004E62FE /* PlayingCard.h */ = {isa = PBXFileReference; fileEncoding = 4; lastKnownFileType = sourcecode.c.h; name = PlayingCard.h; path = Model/PlayingCard.h; sourceTree = SOURCE_ROOT; };
		85E59AB318C19F4C004E62FE /* PlayingCardDeck.h */ = {isa = PBXFileReference; fileEncoding = 4; lastKnownFileType = sourcecode.c.h; name = PlayingCardDeck.h; path = Model/PlayingCardDeck.h; sourceTree = SOURCE_ROOT; };
		85E59AB418C19F4C004E62FE /* PlayingCardDeck.m */ = {isa = PBXFileReference; fileEncoding = 4; lastKnownFileType = sourcecode.c.objc; name = PlayingCardDeck.m; path = Model/PlayingCardDeck.m; sourceTree = SOURCE_ROOT; };
		85ECFD4118BCC55800157318 /* Matchismo.app */ = {isa = PBXFileReference; explicitFileType = wrapper.application; includeInIndex = 0; path = Matchismo.app; sourceTree = BUILT_PRODUCTS_DIR; };
		85ECFD4418BCC55800157318 /* Foundation.framework */ = {isa = PBXFileReference; lastKnownFileType = wrapper.framework; name = Foundation.framework; path = System/Library/Frameworks/Foundation.framework; sourceTree = SDKROOT; };
		85ECFD4618BCC55800157318 /* CoreGraphics.framework */ = {isa = PBXFileReference; lastKnownFileType = wrapper.framework; name = CoreGraphics.framework; path = System/Library/Frameworks/CoreGraphics.framework; sourceTree = SDKROOT; };
		85ECFD4818BCC55800157318 /* UIKit.framework */ = {isa = PBXFileReference; lastKnownFileType = wrapper.framework; name = UIKit.framework; path = System/Library/Frameworks/UIKit.framework; sourceTree = SDKROOT; };
		85ECFD4C18BCC55800157318 /* Matchismo-Info.plist */ = {isa = PBXFileReference; lastKnownFileType = text.plist.xml; path = "Matchismo-Info.plist"; sourceTree = "<group>"; };
		85ECFD4E18BCC55800157318 /* en */ = {isa = PBXFileReference; lastKnownFileType = text.plist.strings; name = en; path = en.lproj/InfoPlist.strings; sourceTree = "<group>"; };
		85ECFD5018BCC55800157318 /* main.m */ = {isa = PBXFileReference; lastKnownFileType = sourcecode.c.objc; path = main.m; sourceTree = "<group>"; };
		85ECFD5218BCC55800157318 /* Matchismo-Prefix.pch */ = {isa = PBXFileReference; lastKnownFileType = sourcecode.c.h; path = "Matchismo-Prefix.pch"; sourceTree = "<group>"; };
		85ECFD5318BCC55800157318 /* CardGameAppDelegate.h */ = {isa = PBXFileReference; lastKnownFileType = sourcecode.c.h; path = CardGameAppDelegate.h; sourceTree = "<group>"; };
		85ECFD5418BCC55800157318 /* CardGameAppDelegate.m */ = {isa = PBXFileReference; lastKnownFileType = sourcecode.c.objc; path = CardGameAppDelegate.m; sourceTree = "<group>"; };
		85ECFD5718BCC55800157318 /* Base */ = {isa = PBXFileReference; lastKnownFileType = file.storyboard; name = Base; path = Base.lproj/Main.storyboard; sourceTree = "<group>"; };
		85ECFD5918BCC55800157318 /* CardGameViewController.h */ = {isa = PBXFileReference; lastKnownFileType = sourcecode.c.h; path = CardGameViewController.h; sourceTree = "<group>"; };
		85ECFD5A18BCC55800157318 /* CardGameViewController.m */ = {isa = PBXFileReference; lastKnownFileType = sourcecode.c.objc; path = CardGameViewController.m; sourceTree = "<group>"; };
		85ECFD5C18BCC55800157318 /* Images.xcassets */ = {isa = PBXFileReference; lastKnownFileType = folder.assetcatalog; path = Images.xcassets; sourceTree = "<group>"; };
		85ECFD6218BCC55800157318 /* MatchismoTests.xctest */ = {isa = PBXFileReference; explicitFileType = wrapper.cfbundle; includeInIndex = 0; path = MatchismoTests.xctest; sourceTree = BUILT_PRODUCTS_DIR; };
		85ECFD6318BCC55800157318 /* XCTest.framework */ = {isa = PBXFileReference; lastKnownFileType = wrapper.framework; name = XCTest.framework; path = Library/Frameworks/XCTest.framework; sourceTree = DEVELOPER_DIR; };
		85ECFD6B18BCC55800157318 /* MatchismoTests-Info.plist */ = {isa = PBXFileReference; lastKnownFileType = text.plist.xml; path = "MatchismoTests-Info.plist"; sourceTree = "<group>"; };
		85ECFD6D18BCC55800157318 /* en */ = {isa = PBXFileReference; lastKnownFileType = text.plist.strings; name = en; path = en.lproj/InfoPlist.strings; sourceTree = "<group>"; };
		85ECFD6F18BCC55800157318 /* MatchismoTests.m */ = {isa = PBXFileReference; lastKnownFileType = sourcecode.c.objc; path = MatchismoTests.m; sourceTree = "<group>"; };
/* End PBXFileReference section */

/* Begin PBXFrameworksBuildPhase section */
		85ECFD3E18BCC55800157318 /* Frameworks */ = {
			isa = PBXFrameworksBuildPhase;
			buildActionMask = 2147483647;
			files = (
				85ECFD4718BCC55800157318 /* CoreGraphics.framework in Frameworks */,
				85ECFD4918BCC55800157318 /* UIKit.framework in Frameworks */,
				85ECFD4518BCC55800157318 /* Foundation.framework in Frameworks */,
			);
			runOnlyForDeploymentPostprocessing = 0;
		};
		85ECFD5F18BCC55800157318 /* Frameworks */ = {
			isa = PBXFrameworksBuildPhase;
			buildActionMask = 2147483647;
			files = (
				85ECFD6418BCC55800157318 /* XCTest.framework in Frameworks */,
				85ECFD6618BCC55800157318 /* UIKit.framework in Frameworks */,
				85ECFD6518BCC55800157318 /* Foundation.framework in Frameworks */,
			);
			runOnlyForDeploymentPostprocessing = 0;
		};
/* End PBXFrameworksBuildPhase section */

/* Begin PBXGroup section */
		85E59AB818C19FBB004E62FE /* Model */ = {
			isa = PBXGroup;
			children = (
				85584AB818C8D7F80028ED12 /* CardMatchingGame.h */,
				85584AB918C8D7F80028ED12 /* CardMatchingGame.m */,
				85E59AAC18C19F22004E62FE /* PlayingCard.m */,
				85E59AB218C19F4C004E62FE /* PlayingCard.h */,
				85E59AB418C19F4C004E62FE /* PlayingCardDeck.m */,
				85E59AB318C19F4C004E62FE /* PlayingCardDeck.h */,
				85E59AB018C19F4C004E62FE /* Deck.h */,
				85E59AB118C19F4C004E62FE /* Deck.m */,
				85E59AAE18C19F4C004E62FE /* Card.h */,
				85E59AAF18C19F4C004E62FE /* Card.m */,
			);
			name = Model;
			sourceTree = "<group>";
		};
		85ECFD3818BCC55800157318 = {
			isa = PBXGroup;
			children = (
				85ECFD4A18BCC55800157318 /* Matchismo */,
				85ECFD6918BCC55800157318 /* MatchismoTests */,
				85ECFD4318BCC55800157318 /* Frameworks */,
				85ECFD4218BCC55800157318 /* Products */,
			);
			sourceTree = "<group>";
		};
		85ECFD4218BCC55800157318 /* Products */ = {
			isa = PBXGroup;
			children = (
				85ECFD4118BCC55800157318 /* Matchismo.app */,
				85ECFD6218BCC55800157318 /* MatchismoTests.xctest */,
			);
			name = Products;
			sourceTree = "<group>";
		};
		85ECFD4318BCC55800157318 /* Frameworks */ = {
			isa = PBXGroup;
			children = (
				85ECFD4418BCC55800157318 /* Foundation.framework */,
				85ECFD4618BCC55800157318 /* CoreGraphics.framework */,
				85ECFD4818BCC55800157318 /* UIKit.framework */,
				85ECFD6318BCC55800157318 /* XCTest.framework */,
			);
			name = Frameworks;
			sourceTree = "<group>";
		};
		85ECFD4A18BCC55800157318 /* Matchismo */ = {
			isa = PBXGroup;
			children = (
				85ECFD5618BCC55800157318 /* Main.storyboard */,
				85ECFD5918BCC55800157318 /* CardGameViewController.h */,
				85ECFD5A18BCC55800157318 /* CardGameViewController.m */,
				85E59AB818C19FBB004E62FE /* Model */,
				85ECFD5C18BCC55800157318 /* Images.xcassets */,
				85ECFD4B18BCC55800157318 /* Supporting Files */,
			);
			path = Matchismo;
			sourceTree = "<group>";
		};
		85ECFD4B18BCC55800157318 /* Supporting Files */ = {
			isa = PBXGroup;
			children = (
				85ECFD5318BCC55800157318 /* CardGameAppDelegate.h */,
				85ECFD5418BCC55800157318 /* CardGameAppDelegate.m */,
				85ECFD4C18BCC55800157318 /* Matchismo-Info.plist */,
				85ECFD4D18BCC55800157318 /* InfoPlist.strings */,
				85ECFD5018BCC55800157318 /* main.m */,
				85ECFD5218BCC55800157318 /* Matchismo-Prefix.pch */,
			);
			name = "Supporting Files";
			sourceTree = "<group>";
		};
		85ECFD6918BCC55800157318 /* MatchismoTests */ = {
			isa = PBXGroup;
			children = (
				85ECFD6F18BCC55800157318 /* MatchismoTests.m */,
				85ECFD6A18BCC55800157318 /* Supporting Files */,
			);
			path = MatchismoTests;
			sourceTree = "<group>";
		};
		85ECFD6A18BCC55800157318 /* Supporting Files */ = {
			isa = PBXGroup;
			children = (
				85ECFD6B18BCC55800157318 /* MatchismoTests-Info.plist */,
				85ECFD6C18BCC55800157318 /* InfoPlist.strings */,
			);
			name = "Supporting Files";
			sourceTree = "<group>";
		};
/* End PBXGroup section */

/* Begin PBXNativeTarget section */
		85ECFD4018BCC55800157318 /* Matchismo */ = {
			isa = PBXNativeTarget;
			buildConfigurationList = 85ECFD7318BCC55800157318 /* Build configuration list for PBXNativeTarget "Matchismo" */;
			buildPhases = (
				85ECFD3D18BCC55800157318 /* Sources */,
				85ECFD3E18BCC55800157318 /* Frameworks */,
				85ECFD3F18BCC55800157318 /* Resources */,
			);
			buildRules = (
			);
			dependencies = (
			);
			name = Matchismo;
			productName = Matchismo;
			productReference = 85ECFD4118BCC55800157318 /* Matchismo.app */;
			productType = "com.apple.product-type.application";
		};
		85ECFD6118BCC55800157318 /* MatchismoTests */ = {
			isa = PBXNativeTarget;
			buildConfigurationList = 85ECFD7618BCC55800157318 /* Build configuration list for PBXNativeTarget "MatchismoTests" */;
			buildPhases = (
				85ECFD5E18BCC55800157318 /* Sources */,
				85ECFD5F18BCC55800157318 /* Frameworks */,
				85ECFD6018BCC55800157318 /* Resources */,
			);
			buildRules = (
			);
			dependencies = (
				85ECFD6818BCC55800157318 /* PBXTargetDependency */,
			);
			name = MatchismoTests;
			productName = MatchismoTests;
			productReference = 85ECFD6218BCC55800157318 /* MatchismoTests.xctest */;
			productType = "com.apple.product-type.bundle.unit-test";
		};
/* End PBXNativeTarget section */

/* Begin PBXProject section */
		85ECFD3918BCC55800157318 /* Project object */ = {
			isa = PBXProject;
			attributes = {
				CLASSPREFIX = CardGame;
				LastUpgradeCheck = 0500;
				ORGANIZATIONNAME = ZJU;
				TargetAttributes = {
					85ECFD6118BCC55800157318 = {
						TestTargetID = 85ECFD4018BCC55800157318;
					};
				};
			};
			buildConfigurationList = 85ECFD3C18BCC55800157318 /* Build configuration list for PBXProject "Matchismo" */;
			compatibilityVersion = "Xcode 3.2";
			developmentRegion = English;
			hasScannedForEncodings = 0;
			knownRegions = (
				en,
				Base,
			);
			mainGroup = 85ECFD3818BCC55800157318;
			productRefGroup = 85ECFD4218BCC55800157318 /* Products */;
			projectDirPath = "";
			projectRoot = "";
			targets = (
				85ECFD4018BCC55800157318 /* Matchismo */,
				85ECFD6118BCC55800157318 /* MatchismoTests */,
			);
		};
/* End PBXProject section */

/* Begin PBXResourcesBuildPhase section */
		85ECFD3F18BCC55800157318 /* Resources */ = {
			isa = PBXResourcesBuildPhase;
			buildActionMask = 2147483647;
			files = (
				85ECFD5D18BCC55800157318 /* Images.xcassets in Resources */,
				85ECFD4F18BCC55800157318 /* InfoPlist.strings in Resources */,
				85ECFD5818BCC55800157318 /* Main.storyboard in Resources */,
			);
			runOnlyForDeploymentPostprocessing = 0;
		};
		85ECFD6018BCC55800157318 /* Resources */ = {
			isa = PBXResourcesBuildPhase;
			buildActionMask = 2147483647;
			files = (
				85ECFD6E18BCC55800157318 /* InfoPlist.strings in Resources */,
			);
			runOnlyForDeploymentPostprocessing = 0;
		};
/* End PBXResourcesBuildPhase section */

/* Begin PBXSourcesBuildPhase section */
		85ECFD3D18BCC55800157318 /* Sources */ = {
			isa = PBXSourcesBuildPhase;
			buildActionMask = 2147483647;
			files = (
				85ECFD5518BCC55800157318 /* CardGameAppDelegate.m in Sources */,
				85ECFD5B18BCC55800157318 /* CardGameViewController.m in Sources */,
				85E59AB518C19F4C004E62FE /* Card.m in Sources */,
				85E59AB718C19F4C004E62FE /* PlayingCardDeck.m in Sources */,
				85584ABA18C8D7F80028ED12 /* CardMatchingGame.m in Sources */,
				85ECFD5118BCC55800157318 /* main.m in Sources */,
				85E59AAD18C19F22004E62FE /* PlayingCard.m in Sources */,
				85E59AB618C19F4C004E62FE /* Deck.m in Sources */,
			);
			runOnlyForDeploymentPostprocessing = 0;
		};
		85ECFD5E18BCC55800157318 /* Sources */ = {
			isa = PBXSourcesBuildPhase;
			buildActionMask = 2147483647;
			files = (
				85ECFD7018BCC55800157318 /* MatchismoTests.m in Sources */,
			);
			runOnlyForDeploymentPostprocessing = 0;
		};
/* End PBXSourcesBuildPhase section */

/* Begin PBXTargetDependency section */
		85ECFD6818BCC55800157318 /* PBXTargetDependency */ = {
			isa = PBXTargetDependency;
			target = 85ECFD4018BCC55800157318 /* Matchismo */;
			targetProxy = 85ECFD6718BCC55800157318 /* PBXContainerItemProxy */;
		};
/* End PBXTargetDependency section */

/* Begin PBXVariantGroup section */
		85ECFD4D18BCC55800157318 /* InfoPlist.strings */ = {
			isa = PBXVariantGroup;
			children = (
				85ECFD4E18BCC55800157318 /* en */,
			);
			name = InfoPlist.strings;
			sourceTree = "<group>";
		};
		85ECFD5618BCC55800157318 /* Main.storyboard */ = {
			isa = PBXVariantGroup;
			children = (
				85ECFD5718BCC55800157318 /* Base */,
			);
			name = Main.storyboard;
			sourceTree = "<group>";
		};
		85ECFD6C18BCC55800157318 /* InfoPlist.strings */ = {
			isa = PBXVariantGroup;
			children = (
				85ECFD6D18BCC55800157318 /* en */,
			);
			name = InfoPlist.strings;
			sourceTree = "<group>";
		};
/* End PBXVariantGroup section */

/* Begin XCBuildConfiguration section */
		85ECFD7118BCC55800157318 /* Debug */ = {
			isa = XCBuildConfiguration;
			buildSettings = {
				ALWAYS_SEARCH_USER_PATHS = NO;
				ARCHS = "$(ARCHS_STANDARD_INCLUDING_64_BIT)";
				CLANG_CXX_LANGUAGE_STANDARD = "gnu++0x";
				CLANG_CXX_LIBRARY = "libc++";
				CLANG_ENABLE_MODULES = YES;
				CLANG_ENABLE_OBJC_ARC = YES;
				CLANG_WARN_BOOL_CONVERSION = YES;
				CLANG_WARN_CONSTANT_CONVERSION = YES;
				CLANG_WARN_DIRECT_OBJC_ISA_USAGE = YES_ERROR;
				CLANG_WARN_EMPTY_BODY = YES;
				CLANG_WARN_ENUM_CONVERSION = YES;
				CLANG_WARN_INT_CONVERSION = YES;
				CLANG_WARN_OBJC_ROOT_CLASS = YES_ERROR;
				CLANG_WARN__DUPLICATE_METHOD_MATCH = YES;
				"CODE_SIGN_IDENTITY[sdk=iphoneos*]" = "iPhone Developer";
				COPY_PHASE_STRIP = NO;
				GCC_C_LANGUAGE_STANDARD = gnu99;
				GCC_DYNAMIC_NO_PIC = NO;
				GCC_OPTIMIZATION_LEVEL = 0;
				GCC_PREPROCESSOR_DEFINITIONS = (
					"DEBUG=1",
					"$(inherited)",
				);
				GCC_SYMBOLS_PRIVATE_EXTERN = NO;
				GCC_WARN_64_TO_32_BIT_CONVERSION = YES;
				GCC_WARN_ABOUT_RETURN_TYPE = YES_ERROR;
				GCC_WARN_UNDECLARED_SELECTOR = YES;
				GCC_WARN_UNINITIALIZED_AUTOS = YES;
				GCC_WARN_UNUSED_FUNCTION = YES;
				GCC_WARN_UNUSED_VARIABLE = YES;
				IPHONEOS_DEPLOYMENT_TARGET = 7.0;
				ONLY_ACTIVE_ARCH = YES;
				SDKROOT = iphoneos;
			};
			name = Debug;
		};
		85ECFD7218BCC55800157318 /* Release */ = {
			isa = XCBuildConfiguration;
			buildSettings = {
				ALWAYS_SEARCH_USER_PATHS = NO;
				ARCHS = "$(ARCHS_STANDARD_INCLUDING_64_BIT)";
				CLANG_CXX_LANGUAGE_STANDARD = "gnu++0x";
				CLANG_CXX_LIBRARY = "libc++";
				CLANG_ENABLE_MODULES = YES;
				CLANG_ENABLE_OBJC_ARC = YES;
				CLANG_WARN_BOOL_CONVERSION = YES;
				CLANG_WARN_CONSTANT_CONVERSION = YES;
				CLANG_WARN_DIRECT_OBJC_ISA_USAGE = YES_ERROR;
				CLANG_WARN_EMPTY_BODY = YES;
				CLANG_WARN_ENUM_CONVERSION = YES;
				CLANG_WARN_INT_CONVERSION = YES;
				CLANG_WARN_OBJC_ROOT_CLASS = YES_ERROR;
				CLANG_WARN__DUPLICATE_METHOD_MATCH = YES;
				"CODE_SIGN_IDENTITY[sdk=iphoneos*]" = "iPhone Developer";
				COPY_PHASE_STRIP = YES;
				ENABLE_NS_ASSERTIONS = NO;
				GCC_C_LANGUAGE_STANDARD = gnu99;
				GCC_WARN_64_TO_32_BIT_CONVERSION = YES;
				GCC_WARN_ABOUT_RETURN_TYPE = YES_ERROR;
				GCC_WARN_UNDECLARED_SELECTOR = YES;
				GCC_WARN_UNINITIALIZED_AUTOS = YES;
				GCC_WARN_UNUSED_FUNCTION = YES;
				GCC_WARN_UNUSED_VARIABLE = YES;
				IPHONEOS_DEPLOYMENT_TARGET = 7.0;
				SDKROOT = iphoneos;
				VALIDATE_PRODUCT = YES;
			};
			name = Release;
		};
		85ECFD7418BCC55800157318 /* Debug */ = {
			isa = XCBuildConfiguration;
			buildSettings = {
				ASSETCATALOG_COMPILER_APPICON_NAME = AppIcon;
				ASSETCATALOG_COMPILER_LAUNCHIMAGE_NAME = LaunchImage;
				GCC_PRECOMPILE_PREFIX_HEADER = YES;
				GCC_PREFIX_HEADER = "Matchismo/Matchismo-Prefix.pch";
				INFOPLIST_FILE = "Matchismo/Matchismo-Info.plist";
				PRODUCT_NAME = "$(TARGET_NAME)";
				WRAPPER_EXTENSION = app;
			};
			name = Debug;
		};
		85ECFD7518BCC55800157318 /* Release */ = {
			isa = XCBuildConfiguration;
			buildSettings = {
				ASSETCATALOG_COMPILER_APPICON_NAME = AppIcon;
				ASSETCATALOG_COMPILER_LAUNCHIMAGE_NAME = LaunchImage;
				GCC_PRECOMPILE_PREFIX_HEADER = YES;
				GCC_PREFIX_HEADER = "Matchismo/Matchismo-Prefix.pch";
				INFOPLIST_FILE = "Matchismo/Matchismo-Info.plist";
				PRODUCT_NAME = "$(TARGET_NAME)";
				WRAPPER_EXTENSION = app;
			};
			name = Release;
		};
		85ECFD7718BCC55800157318 /* Debug */ = {
			isa = XCBuildConfiguration;
			buildSettings = {
				ARCHS = "$(ARCHS_STANDARD_INCLUDING_64_BIT)";
				BUNDLE_LOADER = "$(BUILT_PRODUCTS_DIR)/Matchismo.app/Matchismo";
				FRAMEWORK_SEARCH_PATHS = (
					"$(SDKROOT)/Developer/Library/Frameworks",
					"$(inherited)",
					"$(DEVELOPER_FRAMEWORKS_DIR)",
				);
				GCC_PRECOMPILE_PREFIX_HEADER = YES;
				GCC_PREFIX_HEADER = "Matchismo/Matchismo-Prefix.pch";
				GCC_PREPROCESSOR_DEFINITIONS = (
					"DEBUG=1",
					"$(inherited)",
				);
				INFOPLIST_FILE = "MatchismoTests/MatchismoTests-Info.plist";
				PRODUCT_NAME = "$(TARGET_NAME)";
				TEST_HOST = "$(BUNDLE_LOADER)";
				WRAPPER_EXTENSION = xctest;
			};
			name = Debug;
		};
		85ECFD7818BCC55800157318 /* Release */ = {
			isa = XCBuildConfiguration;
			buildSettings = {
				ARCHS = "$(ARCHS_STANDARD_INCLUDING_64_BIT)";
				BUNDLE_LOADER = "$(BUILT_PRODUCTS_DIR)/Matchismo.app/Matchismo";
				FRAMEWORK_SEARCH_PATHS = (
					"$(SDKROOT)/Developer/Library/Frameworks",
					"$(inherited)",
					"$(DEVELOPER_FRAMEWORKS_DIR)",
				);
				GCC_PRECOMPILE_PREFIX_HEADER = YES;
				GCC_PREFIX_HEADER = "Matchismo/Matchismo-Prefix.pch";
				INFOPLIST_FILE = "MatchismoTests/MatchismoTests-Info.plist";
				PRODUCT_NAME = "$(TARGET_NAME)";
				TEST_HOST = "$(BUNDLE_LOADER)";
				WRAPPER_EXTENSION = xctest;
			};
			name = Release;
		};
/* End XCBuildConfiguration section */

/* Begin XCConfigurationList section */
		85ECFD3C18BCC55800157318 /* Build configuration list for PBXProject "Matchismo" */ = {
			isa = XCConfigurationList;
			buildConfigurations = (
				85ECFD7118BCC55800157318 /* Debug */,
				85ECFD7218BCC55800157318 /* Release */,
			);
			defaultConfigurationIsVisible = 0;
			defaultConfigurationName = Release;
		};
		85ECFD7318BCC55800157318 /* Build configuration list for PBXNativeTarget "Matchismo" */ = {
			isa = XCConfigurationList;
			buildConfigurations = (
				85ECFD7418BCC55800157318 /* Debug */,
				85ECFD7518BCC55800157318 /* Release */,
			);
			defaultConfigurationIsVisible = 0;
			defaultConfigurationName = Release;
		};
		85ECFD7618BCC55800157318 /* Build configuration list for PBXNativeTarget "MatchismoTests" */ = {
			isa = XCConfigurationList;
			buildConfigurations = (
				85ECFD7718BCC55800157318 /* Debug */,
				85ECFD7818BCC55800157318 /* Release */,
			);
			defaultConfigurationIsVisible = 0;
			defaultConfigurationName = Release;
		};
/* End XCConfigurationList section */
	};
	rootObject = 85ECFD3918BCC55800157318 /* Project object */;
}
